
Microsoft Visual Studio Solution File, Format Version 12.00
# Visual Studio Version 16
VisualStudioVersion = 16.0.30717.126
MinimumVisualStudioVersion = 10.0.40219.1
Project("{FAE04EC0-301F-11D3-BF4B-00C04F79EFBC}") = "Source_Control_Final_Assignment", "Source_Control_Final_Assignment\Source_Control_Final_Assignment.csproj", "{4705FCEE-0D33-4CB5-B37D-D6FC55491072}"
EndProject
Global
	GlobalSection(SolutionConfigurationPlatforms) = preSolution
		Debug|Any CPU = Debug|Any CPU
		Release|Any CPU = Release|Any CPU
	EndGlobalSection
	GlobalSection(ProjectConfigurationPlatforms) = postSolution
		{4705FCEE-0D33-4CB5-B37D-D6FC55491072}.Debug|Any CPU.ActiveCfg = Debug|Any CPU
		{4705FCEE-0D33-4CB5-B37D-D6FC55491072}.Debug|Any CPU.Build.0 = Debug|Any CPU
		{4705FCEE-0D33-4CB5-B37D-D6FC55491072}.Release|Any CPU.ActiveCfg = Release|Any CPU
		{4705FCEE-0D33-4CB5-B37D-D6FC55491072}.Release|Any CPU.Build.0 = Release|Any CPU
	EndGlobalSection
	GlobalSection(SolutionProperties) = preSolution
		HideSolutionNode = FALSE
	EndGlobalSection
	GlobalSection(ExtensibilityGlobals) = postSolution
		SolutionGuid = {49409A3E-0838-4660-8221-ABAF1EF89E80}
	EndGlobalSection
EndGlobal
