
Microsoft Visual Studio Solution File, Format Version 12.00
# Visual Studio Version 16
VisualStudioVersion = 16.0.31019.35
MinimumVisualStudioVersion = 10.0.40219.1
Project("{FAE04EC0-301F-11D3-BF4B-00C04F79EFBC}") = "DotNetCore_HRM", "DotNetCore_HRM\DotNetCore_HRM.csproj", "{A7841174-21FE-4B4E-A082-6CC188E9774D}"
EndProject
Project("{FAE04EC0-301F-11D3-BF4B-00C04F79EFBC}") = "HRM.BAL", "HRM.BAL\HRM.BAL.csproj", "{2E12B7FB-3169-454C-9FA1-AB8E9F778F46}"
EndProject
Project("{FAE04EC0-301F-11D3-BF4B-00C04F79EFBC}") = "HRM.DAL", "HRM.DAL\HRM.DAL.csproj", "{6F6BDF0E-B440-421F-A8C7-4E08C3C23478}"
EndProject
Project("{FAE04EC0-301F-11D3-BF4B-00C04F79EFBC}") = "HRM.BusinessEntities", "HRM.BusinessEntities\HRM.BusinessEntities.csproj", "{631740BA-BC48-4AD1-A3C1-C55130F9257D}"
EndProject
Global
	GlobalSection(SolutionConfigurationPlatforms) = preSolution
		Debug|Any CPU = Debug|Any CPU
		Release|Any CPU = Release|Any CPU
	EndGlobalSection
	GlobalSection(ProjectConfigurationPlatforms) = postSolution
		{A7841174-21FE-4B4E-A082-6CC188E9774D}.Debug|Any CPU.ActiveCfg = Debug|Any CPU
		{A7841174-21FE-4B4E-A082-6CC188E9774D}.Debug|Any CPU.Build.0 = Debug|Any CPU
		{A7841174-21FE-4B4E-A082-6CC188E9774D}.Release|Any CPU.ActiveCfg = Release|Any CPU
		{A7841174-21FE-4B4E-A082-6CC188E9774D}.Release|Any CPU.Build.0 = Release|Any CPU
		{2E12B7FB-3169-454C-9FA1-AB8E9F778F46}.Debug|Any CPU.ActiveCfg = Debug|Any CPU
		{2E12B7FB-3169-454C-9FA1-AB8E9F778F46}.Debug|Any CPU.Build.0 = Debug|Any CPU
		{2E12B7FB-3169-454C-9FA1-AB8E9F778F46}.Release|Any CPU.ActiveCfg = Release|Any CPU
		{2E12B7FB-3169-454C-9FA1-AB8E9F778F46}.Release|Any CPU.Build.0 = Release|Any CPU
		{6F6BDF0E-B440-421F-A8C7-4E08C3C23478}.Debug|Any CPU.ActiveCfg = Debug|Any CPU
		{6F6BDF0E-B440-421F-A8C7-4E08C3C23478}.Debug|Any CPU.Build.0 = Debug|Any CPU
		{6F6BDF0E-B440-421F-A8C7-4E08C3C23478}.Release|Any CPU.ActiveCfg = Release|Any CPU
		{6F6BDF0E-B440-421F-A8C7-4E08C3C23478}.Release|Any CPU.Build.0 = Release|Any CPU
		{631740BA-BC48-4AD1-A3C1-C55130F9257D}.Debug|Any CPU.ActiveCfg = Debug|Any CPU
		{631740BA-BC48-4AD1-A3C1-C55130F9257D}.Debug|Any CPU.Build.0 = Debug|Any CPU
		{631740BA-BC48-4AD1-A3C1-C55130F9257D}.Release|Any CPU.ActiveCfg = Release|Any CPU
		{631740BA-BC48-4AD1-A3C1-C55130F9257D}.Release|Any CPU.Build.0 = Release|Any CPU
	EndGlobalSection
	GlobalSection(SolutionProperties) = preSolution
		HideSolutionNode = FALSE
	EndGlobalSection
	GlobalSection(ExtensibilityGlobals) = postSolution
		SolutionGuid = {9279C5CD-2127-4B52-A75E-3BC896ABD91B}
	EndGlobalSection
EndGlobal
