
Microsoft Visual Studio Solution File, Format Version 12.00
# Visual Studio Version 16
VisualStudioVersion = 16.0.30717.126
MinimumVisualStudioVersion = 10.0.40219.1
Project("{FAE04EC0-301F-11D3-BF4B-00C04F79EFBC}") = "Code_First_Demo", "Code_First_Demo\Code_First_Demo.csproj", "{75713698-294A-4542-8C42-236770EADB5A}"
EndProject
Project("{FAE04EC0-301F-11D3-BF4B-00C04F79EFBC}") = "Code_First_Demo.Repository", "Code_First_Demo.Repository\Code_First_Demo.Repository.csproj", "{DDED085B-4618-436C-8107-48FB3FC7205B}"
EndProject
Project("{FAE04EC0-301F-11D3-BF4B-00C04F79EFBC}") = "Code_First_Demo.Model", "Code_First_Demo.Model\Code_First_Demo.Model.csproj", "{E5FC3DDC-EFAD-4832-86F8-7CC350CD2630}"
EndProject
Project("{2150E333-8FDC-42A3-9474-1A3956D46DE8}") = "Solution Items", "Solution Items", "{00BF7C8D-062D-442B-BD3A-6F269F95B949}"
	ProjectSection(SolutionItems) = preProject
		.editorconfig = .editorconfig
	EndProjectSection
EndProject
Global
	GlobalSection(SolutionConfigurationPlatforms) = preSolution
		Debug|Any CPU = Debug|Any CPU
		Release|Any CPU = Release|Any CPU
	EndGlobalSection
	GlobalSection(ProjectConfigurationPlatforms) = postSolution
		{75713698-294A-4542-8C42-236770EADB5A}.Debug|Any CPU.ActiveCfg = Debug|Any CPU
		{75713698-294A-4542-8C42-236770EADB5A}.Debug|Any CPU.Build.0 = Debug|Any CPU
		{75713698-294A-4542-8C42-236770EADB5A}.Release|Any CPU.ActiveCfg = Release|Any CPU
		{75713698-294A-4542-8C42-236770EADB5A}.Release|Any CPU.Build.0 = Release|Any CPU
		{DDED085B-4618-436C-8107-48FB3FC7205B}.Debug|Any CPU.ActiveCfg = Debug|Any CPU
		{DDED085B-4618-436C-8107-48FB3FC7205B}.Debug|Any CPU.Build.0 = Debug|Any CPU
		{DDED085B-4618-436C-8107-48FB3FC7205B}.Release|Any CPU.ActiveCfg = Release|Any CPU
		{DDED085B-4618-436C-8107-48FB3FC7205B}.Release|Any CPU.Build.0 = Release|Any CPU
		{E5FC3DDC-EFAD-4832-86F8-7CC350CD2630}.Debug|Any CPU.ActiveCfg = Debug|Any CPU
		{E5FC3DDC-EFAD-4832-86F8-7CC350CD2630}.Debug|Any CPU.Build.0 = Debug|Any CPU
		{E5FC3DDC-EFAD-4832-86F8-7CC350CD2630}.Release|Any CPU.ActiveCfg = Release|Any CPU
		{E5FC3DDC-EFAD-4832-86F8-7CC350CD2630}.Release|Any CPU.Build.0 = Release|Any CPU
	EndGlobalSection
	GlobalSection(SolutionProperties) = preSolution
		HideSolutionNode = FALSE
	EndGlobalSection
	GlobalSection(ExtensibilityGlobals) = postSolution
		SolutionGuid = {7A51663D-9EAD-4D7D-8864-8A88A7764315}
	EndGlobalSection
EndGlobal
