
Microsoft Visual Studio Solution File, Format Version 12.00
# Visual Studio Version 16
VisualStudioVersion = 16.0.30717.126
MinimumVisualStudioVersion = 10.0.40219.1
Project("{9A19103F-16F7-4668-BE54-9A1E7A4F7556}") = "CustomerAPIService", "CustomerAPIService\CustomerAPIService.csproj", "{865BB7F6-9971-4729-B361-8A57D1494A9F}"
EndProject
Project("{9A19103F-16F7-4668-BE54-9A1E7A4F7556}") = "ProductsBookingAPIService", "ProductsBookingAPIService\ProductsBookingAPIService.csproj", "{8C6F786B-48F3-474D-8793-DE1A8E77A1B9}"
EndProject
Project("{9A19103F-16F7-4668-BE54-9A1E7A4F7556}") = "Web.HttpAggregator", "Web.HttpAggregator\Web.HttpAggregator.csproj", "{2BF8F81C-73FD-4909-BC80-F20588E15A9F}"
EndProject
Global
	GlobalSection(SolutionConfigurationPlatforms) = preSolution
		Debug|Any CPU = Debug|Any CPU
		Release|Any CPU = Release|Any CPU
	EndGlobalSection
	GlobalSection(ProjectConfigurationPlatforms) = postSolution
		{865BB7F6-9971-4729-B361-8A57D1494A9F}.Debug|Any CPU.ActiveCfg = Debug|Any CPU
		{865BB7F6-9971-4729-B361-8A57D1494A9F}.Debug|Any CPU.Build.0 = Debug|Any CPU
		{865BB7F6-9971-4729-B361-8A57D1494A9F}.Release|Any CPU.ActiveCfg = Release|Any CPU
		{865BB7F6-9971-4729-B361-8A57D1494A9F}.Release|Any CPU.Build.0 = Release|Any CPU
		{8C6F786B-48F3-474D-8793-DE1A8E77A1B9}.Debug|Any CPU.ActiveCfg = Debug|Any CPU
		{8C6F786B-48F3-474D-8793-DE1A8E77A1B9}.Debug|Any CPU.Build.0 = Debug|Any CPU
		{8C6F786B-48F3-474D-8793-DE1A8E77A1B9}.Release|Any CPU.ActiveCfg = Release|Any CPU
		{8C6F786B-48F3-474D-8793-DE1A8E77A1B9}.Release|Any CPU.Build.0 = Release|Any CPU
		{2BF8F81C-73FD-4909-BC80-F20588E15A9F}.Debug|Any CPU.ActiveCfg = Debug|Any CPU
		{2BF8F81C-73FD-4909-BC80-F20588E15A9F}.Debug|Any CPU.Build.0 = Debug|Any CPU
		{2BF8F81C-73FD-4909-BC80-F20588E15A9F}.Release|Any CPU.ActiveCfg = Release|Any CPU
		{2BF8F81C-73FD-4909-BC80-F20588E15A9F}.Release|Any CPU.Build.0 = Release|Any CPU
	EndGlobalSection
	GlobalSection(SolutionProperties) = preSolution
		HideSolutionNode = FALSE
	EndGlobalSection
	GlobalSection(ExtensibilityGlobals) = postSolution
		SolutionGuid = {CAA16437-2A37-43EA-8194-21C7B98EF3FD}
	EndGlobalSection
EndGlobal
